
Microsoft Visual Studio Solution File, Format Version 12.00
# Visual Studio Version 16
VisualStudioVersion = 16.0.31112.23
MinimumVisualStudioVersion = 10.0.40219.1
Project("{2150E333-8FDC-42A3-9474-1A3956D46DE8}") = "src", "src", "{6D5B8CAB-F913-46DA-BFD4-BD78C30C4B6C}"
EndProject
Project("{2150E333-8FDC-42A3-9474-1A3956D46DE8}") = "code", "code", "{6BD2B98D-F41A-4040-BE8B-4CCC85AAA2A5}"
EndProject
Project("{2150E333-8FDC-42A3-9474-1A3956D46DE8}") = "test", "test", "{6836B3E9-8A28-4DD9-A6D1-2D3C3B768584}"
EndProject
Project("{2150E333-8FDC-42A3-9474-1A3956D46DE8}") = "Domain", "Domain", "{EC73FDB3-057E-49CB-800F-AC979BBEE2E1}"
EndProject
Project("{9A19103F-16F7-4668-BE54-9A1E7A4F7556}") = "OnlineShopping.Domain", "src\code\OnlineShopping.Domain\OnlineShopping.Domain.csproj", "{51A6974E-2C5F-45D5-A60A-72901C1497FD}"
EndProject
Project("{2150E333-8FDC-42A3-9474-1A3956D46DE8}") = "Integration", "Integration", "{9287ED48-0B94-4D63-806A-C03E245295B3}"
EndProject
Project("{2150E333-8FDC-42A3-9474-1A3956D46DE8}") = "Unit", "Unit", "{5439AE93-37A6-4570-8BDC-31488F36023A}"
EndProject
Project("{2150E333-8FDC-42A3-9474-1A3956D46DE8}") = "Application", "Application", "{B8B739B9-1415-4459-BF68-1736D21DBBC1}"
EndProject
Project("{9A19103F-16F7-4668-BE54-9A1E7A4F7556}") = "OnlineShopping.Application", "src\code\OnlineShopping.Application\OnlineShopping.Application.csproj", "{159B1624-56E6-452D-A78E-CF337A61B959}"
EndProject
Project("{2150E333-8FDC-42A3-9474-1A3956D46DE8}") = "Infrastructure", "Infrastructure", "{679B1215-ACDE-46BF-BA91-86D950804286}"
EndProject
Project("{9A19103F-16F7-4668-BE54-9A1E7A4F7556}") = "OnlineShopping.Persistence.EF", "src\code\OnlineShopping.Persistence.EF\OnlineShopping.Persistence.EF.csproj", "{37FC3589-B144-4560-AFA6-C5A831E4EAB2}"
EndProject
Project("{9A19103F-16F7-4668-BE54-9A1E7A4F7556}") = "OnlineShopping.RestApi", "src\code\OnlineShopping.RestApi\OnlineShopping.RestApi.csproj", "{AFB036B9-77A6-4708-85F4-801EFDBCF63D}"
EndProject
Project("{9A19103F-16F7-4668-BE54-9A1E7A4F7556}") = "OnlineShopping.Domain.Tests.Unit", "src\test\OnlineShopping.Domain.Tests.Unit\OnlineShopping.Domain.Tests.Unit.csproj", "{4CBFDE49-08AC-4CD0-A405-A0424BE1AD32}"
EndProject
Project("{FAE04EC0-301F-11D3-BF4B-00C04F79EFBC}") = "OnlineShopping.Application.Tests.Unit", "src\test\OnlineShopping.Application.Tests.Unit\OnlineShopping.Application.Tests.Unit.csproj", "{0D16E298-66F0-4904-B815-E14B0E94D41D}"
EndProject
Project("{FAE04EC0-301F-11D3-BF4B-00C04F79EFBC}") = "OnlineShopping.Application.Tests.Integration", "src\test\OnlineShopping.Application.Tests.Integration\OnlineShopping.Application.Tests.Integration.csproj", "{6E985DF1-938E-4C76-923F-5FAEB9ECF85C}"
EndProject
Global
	GlobalSection(SolutionConfigurationPlatforms) = preSolution
		Debug|Any CPU = Debug|Any CPU
		Release|Any CPU = Release|Any CPU
	EndGlobalSection
	GlobalSection(ProjectConfigurationPlatforms) = postSolution
		{51A6974E-2C5F-45D5-A60A-72901C1497FD}.Debug|Any CPU.ActiveCfg = Debug|Any CPU
		{51A6974E-2C5F-45D5-A60A-72901C1497FD}.Debug|Any CPU.Build.0 = Debug|Any CPU
		{51A6974E-2C5F-45D5-A60A-72901C1497FD}.Release|Any CPU.ActiveCfg = Release|Any CPU
		{51A6974E-2C5F-45D5-A60A-72901C1497FD}.Release|Any CPU.Build.0 = Release|Any CPU
		{159B1624-56E6-452D-A78E-CF337A61B959}.Debug|Any CPU.ActiveCfg = Debug|Any CPU
		{159B1624-56E6-452D-A78E-CF337A61B959}.Debug|Any CPU.Build.0 = Debug|Any CPU
		{159B1624-56E6-452D-A78E-CF337A61B959}.Release|Any CPU.ActiveCfg = Release|Any CPU
		{159B1624-56E6-452D-A78E-CF337A61B959}.Release|Any CPU.Build.0 = Release|Any CPU
		{37FC3589-B144-4560-AFA6-C5A831E4EAB2}.Debug|Any CPU.ActiveCfg = Debug|Any CPU
		{37FC3589-B144-4560-AFA6-C5A831E4EAB2}.Debug|Any CPU.Build.0 = Debug|Any CPU
		{37FC3589-B144-4560-AFA6-C5A831E4EAB2}.Release|Any CPU.ActiveCfg = Release|Any CPU
		{37FC3589-B144-4560-AFA6-C5A831E4EAB2}.Release|Any CPU.Build.0 = Release|Any CPU
		{AFB036B9-77A6-4708-85F4-801EFDBCF63D}.Debug|Any CPU.ActiveCfg = Debug|Any CPU
		{AFB036B9-77A6-4708-85F4-801EFDBCF63D}.Debug|Any CPU.Build.0 = Debug|Any CPU
		{AFB036B9-77A6-4708-85F4-801EFDBCF63D}.Release|Any CPU.ActiveCfg = Release|Any CPU
		{AFB036B9-77A6-4708-85F4-801EFDBCF63D}.Release|Any CPU.Build.0 = Release|Any CPU
		{4CBFDE49-08AC-4CD0-A405-A0424BE1AD32}.Debug|Any CPU.ActiveCfg = Debug|Any CPU
		{4CBFDE49-08AC-4CD0-A405-A0424BE1AD32}.Debug|Any CPU.Build.0 = Debug|Any CPU
		{4CBFDE49-08AC-4CD0-A405-A0424BE1AD32}.Release|Any CPU.ActiveCfg = Release|Any CPU
		{4CBFDE49-08AC-4CD0-A405-A0424BE1AD32}.Release|Any CPU.Build.0 = Release|Any CPU
		{0D16E298-66F0-4904-B815-E14B0E94D41D}.Debug|Any CPU.ActiveCfg = Debug|Any CPU
		{0D16E298-66F0-4904-B815-E14B0E94D41D}.Debug|Any CPU.Build.0 = Debug|Any CPU
		{0D16E298-66F0-4904-B815-E14B0E94D41D}.Release|Any CPU.ActiveCfg = Release|Any CPU
		{0D16E298-66F0-4904-B815-E14B0E94D41D}.Release|Any CPU.Build.0 = Release|Any CPU
		{6E985DF1-938E-4C76-923F-5FAEB9ECF85C}.Debug|Any CPU.ActiveCfg = Debug|Any CPU
		{6E985DF1-938E-4C76-923F-5FAEB9ECF85C}.Debug|Any CPU.Build.0 = Debug|Any CPU
		{6E985DF1-938E-4C76-923F-5FAEB9ECF85C}.Release|Any CPU.ActiveCfg = Release|Any CPU
		{6E985DF1-938E-4C76-923F-5FAEB9ECF85C}.Release|Any CPU.Build.0 = Release|Any CPU
	EndGlobalSection
	GlobalSection(SolutionProperties) = preSolution
		HideSolutionNode = FALSE
	EndGlobalSection
	GlobalSection(NestedProjects) = preSolution
		{6BD2B98D-F41A-4040-BE8B-4CCC85AAA2A5} = {6D5B8CAB-F913-46DA-BFD4-BD78C30C4B6C}
		{6836B3E9-8A28-4DD9-A6D1-2D3C3B768584} = {6D5B8CAB-F913-46DA-BFD4-BD78C30C4B6C}
		{EC73FDB3-057E-49CB-800F-AC979BBEE2E1} = {6BD2B98D-F41A-4040-BE8B-4CCC85AAA2A5}
		{51A6974E-2C5F-45D5-A60A-72901C1497FD} = {EC73FDB3-057E-49CB-800F-AC979BBEE2E1}
		{9287ED48-0B94-4D63-806A-C03E245295B3} = {6836B3E9-8A28-4DD9-A6D1-2D3C3B768584}
		{5439AE93-37A6-4570-8BDC-31488F36023A} = {6836B3E9-8A28-4DD9-A6D1-2D3C3B768584}
		{B8B739B9-1415-4459-BF68-1736D21DBBC1} = {6BD2B98D-F41A-4040-BE8B-4CCC85AAA2A5}
		{159B1624-56E6-452D-A78E-CF337A61B959} = {B8B739B9-1415-4459-BF68-1736D21DBBC1}
		{679B1215-ACDE-46BF-BA91-86D950804286} = {6BD2B98D-F41A-4040-BE8B-4CCC85AAA2A5}
		{37FC3589-B144-4560-AFA6-C5A831E4EAB2} = {679B1215-ACDE-46BF-BA91-86D950804286}
		{AFB036B9-77A6-4708-85F4-801EFDBCF63D} = {6BD2B98D-F41A-4040-BE8B-4CCC85AAA2A5}
		{4CBFDE49-08AC-4CD0-A405-A0424BE1AD32} = {5439AE93-37A6-4570-8BDC-31488F36023A}
		{0D16E298-66F0-4904-B815-E14B0E94D41D} = {5439AE93-37A6-4570-8BDC-31488F36023A}
		{6E985DF1-938E-4C76-923F-5FAEB9ECF85C} = {9287ED48-0B94-4D63-806A-C03E245295B3}
	EndGlobalSection
	GlobalSection(ExtensibilityGlobals) = postSolution
		SolutionGuid = {27CC8678-9B4A-4A88-A0F2-9C611EC9E519}
	EndGlobalSection
EndGlobal
